
Microsoft Visual Studio Solution File, Format Version 12.00
# Visual Studio Version 17
VisualStudioVersion = 17.4.33110.190
MinimumVisualStudioVersion = 10.0.40219.1
Project("{FAE04EC0-301F-11D3-BF4B-00C04F79EFBC}") = "WindowsFormsApp1", "WindowsFormsApp1\WindowsFormsApp1.csproj", "{9A51575C-C8E0-4332-B05B-F10B8D3B0576}"
EndProject
Global
	GlobalSection(SolutionConfigurationPlatforms) = preSolution
		Debug|Any CPU = Debug|Any CPU
		Release|Any CPU = Release|Any CPU
	EndGlobalSection
	GlobalSection(ProjectConfigurationPlatforms) = postSolution
		{9A51575C-C8E0-4332-B05B-F10B8D3B0576}.Debug|Any CPU.ActiveCfg = Debug|Any CPU
		{9A51575C-C8E0-4332-B05B-F10B8D3B0576}.Debug|Any CPU.Build.0 = Debug|Any CPU
		{9A51575C-C8E0-4332-B05B-F10B8D3B0576}.Release|Any CPU.ActiveCfg = Release|Any CPU
		{9A51575C-C8E0-4332-B05B-F10B8D3B0576}.Release|Any CPU.Build.0 = Release|Any CPU
	EndGlobalSection
	GlobalSection(SolutionProperties) = preSolution
		HideSolutionNode = FALSE
	EndGlobalSection
	GlobalSection(ExtensibilityGlobals) = postSolution
		SolutionGuid = {D26A73E7-D2DA-4D9D-8521-E2D52D27D692}
	EndGlobalSection
EndGlobal
